
Microsoft Visual Studio Solution File, Format Version 12.00
Project("{FAE04EC0-301F-11D3-BF4B-00C04F79EFBC}") = "GitFun", "GitFun.csproj", "{C04459CD-EBCA-4716-A1B0-38CD08C747AF}"
EndProject
Global
	GlobalSection(SolutionConfigurationPlatforms) = preSolution
		Debug|Any CPU = Debug|Any CPU
		Release|Any CPU = Release|Any CPU
	EndGlobalSection
	GlobalSection(ProjectConfigurationPlatforms) = postSolution
		{C04459CD-EBCA-4716-A1B0-38CD08C747AF}.Debug|Any CPU.ActiveCfg = Debug|Any CPU
		{C04459CD-EBCA-4716-A1B0-38CD08C747AF}.Debug|Any CPU.Build.0 = Debug|Any CPU
		{C04459CD-EBCA-4716-A1B0-38CD08C747AF}.Release|Any CPU.ActiveCfg = Release|Any CPU
		{C04459CD-EBCA-4716-A1B0-38CD08C747AF}.Release|Any CPU.Build.0 = Release|Any CPU
	EndGlobalSection
EndGlobal
